
Microsoft Visual Studio Solution File, Format Version 12.00
# Visual Studio Version 17
VisualStudioVersion = 17.3.32825.248
MinimumVisualStudioVersion = 10.0.40219.1
Project("{FAE04EC0-301F-11D3-BF4B-00C04F79EFBC}") = "lista1ex8", "lista1ex8\lista1ex8.csproj", "{5A06EA2C-2D30-42AE-8CCB-5896F28B0595}"
EndProject
Global
	GlobalSection(SolutionConfigurationPlatforms) = preSolution
		Debug|Any CPU = Debug|Any CPU
		Release|Any CPU = Release|Any CPU
	EndGlobalSection
	GlobalSection(ProjectConfigurationPlatforms) = postSolution
		{5A06EA2C-2D30-42AE-8CCB-5896F28B0595}.Debug|Any CPU.ActiveCfg = Debug|Any CPU
		{5A06EA2C-2D30-42AE-8CCB-5896F28B0595}.Debug|Any CPU.Build.0 = Debug|Any CPU
		{5A06EA2C-2D30-42AE-8CCB-5896F28B0595}.Release|Any CPU.ActiveCfg = Release|Any CPU
		{5A06EA2C-2D30-42AE-8CCB-5896F28B0595}.Release|Any CPU.Build.0 = Release|Any CPU
	EndGlobalSection
	GlobalSection(SolutionProperties) = preSolution
		HideSolutionNode = FALSE
	EndGlobalSection
	GlobalSection(ExtensibilityGlobals) = postSolution
		SolutionGuid = {839704DD-DA3F-4A69-8CE0-7BD2170F1167}
	EndGlobalSection
EndGlobal
