
Microsoft Visual Studio Solution File, Format Version 12.00
# Visual Studio Version 17
VisualStudioVersion = 17.9.34723.18
MinimumVisualStudioVersion = 10.0.40219.1
Project("{FAE04EC0-301F-11D3-BF4B-00C04F79EFBC}") = "lista1ex6", "lista1ex6\lista1ex6.csproj", "{F90C032F-B232-4A76-8E09-638314742E06}"
EndProject
Global
	GlobalSection(SolutionConfigurationPlatforms) = preSolution
		Debug|Any CPU = Debug|Any CPU
		Release|Any CPU = Release|Any CPU
	EndGlobalSection
	GlobalSection(ProjectConfigurationPlatforms) = postSolution
		{F90C032F-B232-4A76-8E09-638314742E06}.Debug|Any CPU.ActiveCfg = Debug|Any CPU
		{F90C032F-B232-4A76-8E09-638314742E06}.Debug|Any CPU.Build.0 = Debug|Any CPU
		{F90C032F-B232-4A76-8E09-638314742E06}.Release|Any CPU.ActiveCfg = Release|Any CPU
		{F90C032F-B232-4A76-8E09-638314742E06}.Release|Any CPU.Build.0 = Release|Any CPU
	EndGlobalSection
	GlobalSection(SolutionProperties) = preSolution
		HideSolutionNode = FALSE
	EndGlobalSection
	GlobalSection(ExtensibilityGlobals) = postSolution
		SolutionGuid = {BB79073C-3EB7-4B3A-B957-1DF3BF1176BF}
	EndGlobalSection
EndGlobal
