
Microsoft Visual Studio Solution File, Format Version 12.00
# Visual Studio Version 17
VisualStudioVersion = 17.3.32825.248
MinimumVisualStudioVersion = 10.0.40219.1
Project("{FAE04EC0-301F-11D3-BF4B-00C04F79EFBC}") = "lista1ex7", "lista1ex7\lista1ex7.csproj", "{0516DF2D-CF7C-4E91-B8E8-1022A129091A}"
EndProject
Global
	GlobalSection(SolutionConfigurationPlatforms) = preSolution
		Debug|Any CPU = Debug|Any CPU
		Release|Any CPU = Release|Any CPU
	EndGlobalSection
	GlobalSection(ProjectConfigurationPlatforms) = postSolution
		{0516DF2D-CF7C-4E91-B8E8-1022A129091A}.Debug|Any CPU.ActiveCfg = Debug|Any CPU
		{0516DF2D-CF7C-4E91-B8E8-1022A129091A}.Debug|Any CPU.Build.0 = Debug|Any CPU
		{0516DF2D-CF7C-4E91-B8E8-1022A129091A}.Release|Any CPU.ActiveCfg = Release|Any CPU
		{0516DF2D-CF7C-4E91-B8E8-1022A129091A}.Release|Any CPU.Build.0 = Release|Any CPU
	EndGlobalSection
	GlobalSection(SolutionProperties) = preSolution
		HideSolutionNode = FALSE
	EndGlobalSection
	GlobalSection(ExtensibilityGlobals) = postSolution
		SolutionGuid = {D288C124-333A-4D29-B8F1-1CD39E293613}
	EndGlobalSection
EndGlobal
